
Microsoft Visual Studio Solution File, Format Version 12.00
# Visual Studio 15
VisualStudioVersion = 15.0.26730.12
MinimumVisualStudioVersion = 10.0.40219.1
Project("{FAE04EC0-301F-11D3-BF4B-00C04F79EFBC}") = "Cash Register", "Cash Register\Cash Register.csproj", "{95A1D094-AFCB-4448-A0E6-B2382605EA83}"
EndProject
Global
	GlobalSection(SolutionConfigurationPlatforms) = preSolution
		Debug|Any CPU = Debug|Any CPU
		Release|Any CPU = Release|Any CPU
	EndGlobalSection
	GlobalSection(ProjectConfigurationPlatforms) = postSolution
		{95A1D094-AFCB-4448-A0E6-B2382605EA83}.Debug|Any CPU.ActiveCfg = Debug|Any CPU
		{95A1D094-AFCB-4448-A0E6-B2382605EA83}.Debug|Any CPU.Build.0 = Debug|Any CPU
		{95A1D094-AFCB-4448-A0E6-B2382605EA83}.Release|Any CPU.ActiveCfg = Release|Any CPU
		{95A1D094-AFCB-4448-A0E6-B2382605EA83}.Release|Any CPU.Build.0 = Release|Any CPU
	EndGlobalSection
	GlobalSection(SolutionProperties) = preSolution
		HideSolutionNode = FALSE
	EndGlobalSection
	GlobalSection(ExtensibilityGlobals) = postSolution
		SolutionGuid = {2FB922EE-FE3E-4724-B6EB-868117FF57EA}
	EndGlobalSection
EndGlobal
